<?xml version="1.0" encoding="utf-8"?>
<Project ToolsVersion="4.0" xmlns="http://schemas.microsoft.com/developer/msbuild/2003">
  <ItemGroup>
    <Filter Include="Source Files">
      <UniqueIdentifier>{4FC737F1-C7A5-4376-A066-2A32D752A2FF}</UniqueIdentifier>
      <Extensions>cpp;c;cc;cxx;def;odl;idl;hpj;bat;asm;asmx</Extensions>
    </Filter>
    <Filter Include="Header Files">
      <UniqueIdentifier>{93995380-89BD-4b04-88EB-625FBE52EBFB}</UniqueIdentifier>
      <Extensions>h;hh;hpp;hxx;hm;inl;inc;xsd</Extensions>
    </Filter>
    <Filter Include="Resource Files">
      <UniqueIdentifier>{67DA6AB6-F800-4c08-8B7A-83BB121AAD01}</UniqueIdentifier>
      <Extensions>rc;ico;cur;bmp;dlg;rc2;rct;bin;rgs;gif;jpg;jpeg;jpe;resx;tiff;tif;png;wav;mfcribbon-ms</Extensions>
    </Filter>
    <Filter Include="Documentation Files">
      <UniqueIdentifier>{4e1bb65e-6cd0-47be-ba23-f33ae2175384}</UniqueIdentifier>
    </Filter>
  </ItemGroup>
  <ItemGroup>
    <ClCompile Include="..\src\duktape.c">
      <Filter>Source Files</Filter>
    </ClCompile>
    <ClCompile Include="..\src\main.c">
      <Filter>Source Files</Filter>
    </ClCompile>
    <ClCompile Include="..\src\api.c">
      <Filter>Source Files</Filter>
    </ClCompile>
    <ClCompile Include="..\src\spriteset.c">
      <Filter>Source Files</Filter>
    </ClCompile>
    <ClCompile Include="..\src\input.c">
      <Filter>Source Files</Filter>
    </ClCompile>
    <ClCompile Include="..\src\image.c">
      <Filter>Source Files</Filter>
    </ClCompile>
    <ClCompile Include="..\src\font.c">
      <Filter>Source Files</Filter>
    </ClCompile>
    <ClCompile Include="..\src\surface.c">
      <Filter>Source Files</Filter>
    </ClCompile>
    <ClCompile Include="..\src\color.c">
      <Filter>Source Files</Filter>
    </ClCompile>
    <ClCompile Include="..\src\windowstyle.c">
      <Filter>Source Files</Filter>
    </ClCompile>
    <ClCompile Include="..\src\file.c">
      <Filter>Source Files</Filter>
    </ClCompile>
    <ClCompile Include="..\src\bytearray.c">
      <Filter>Source Files</Filter>
    </ClCompile>
    <ClCompile Include="..\src\tileset.c">
      <Filter>Source Files</Filter>
    </ClCompile>
    <ClCompile Include="..\src\script.c">
      <Filter>Source Files</Filter>
    </ClCompile>
    <ClCompile Include="..\src\lstring.c">
      <Filter>Source Files</Filter>
    </ClCompile>
    <ClCompile Include="..\src\persons.c">
      <Filter>Source Files</Filter>
    </ClCompile>
    <ClCompile Include="..\src\geometry.c">
      <Filter>Source Files</Filter>
    </ClCompile>
    <ClCompile Include="..\src\obsmap.c">
      <Filter>Source Files</Filter>
    </ClCompile>
    <ClCompile Include="..\src\primitives.c">
      <Filter>Source Files</Filter>
    </ClCompile>
    <ClCompile Include="..\src\logger.c">
      <Filter>Source Files</Filter>
    </ClCompile>
    <ClCompile Include="..\src\dyad.c">
      <Filter>Source Files</Filter>
    </ClCompile>
    <ClCompile Include="..\src\sockets.c">
      <Filter>Source Files</Filter>
    </ClCompile>
    <ClCompile Include="..\src\galileo.c">
      <Filter>Source Files</Filter>
    </ClCompile>
    <ClCompile Include="..\src\vector.c">
      <Filter>Source Files</Filter>
    </ClCompile>
    <ClCompile Include="..\src\mt19937ar.c">
      <Filter>Source Files</Filter>
    </ClCompile>
    <ClCompile Include="..\src\rng.c">
      <Filter>Source Files</Filter>
    </ClCompile>
    <ClCompile Include="..\src\atlas.c">
      <Filter>Source Files</Filter>
    </ClCompile>
    <ClCompile Include="..\src\console.c">
      <Filter>Source Files</Filter>
    </ClCompile>
    <ClCompile Include="..\src\async.c">
      <Filter>Source Files</Filter>
    </ClCompile>
    <ClCompile Include="..\src\animation.c">
      <Filter>Source Files</Filter>
    </ClCompile>
    <ClCompile Include="..\src\shader.c">
      <Filter>Source Files</Filter>
    </ClCompile>
    <ClCompile Include="..\src\utility.c">
      <Filter>Source Files</Filter>
    </ClCompile>
    <ClCompile Include="..\src\map_engine.c">
      <Filter>Source Files</Filter>
    </ClCompile>
    <ClCompile Include="..\src\unicode.c">
      <Filter>Source Files</Filter>
    </ClCompile>
    <ClCompile Include="..\src\particles.c">
      <Filter>Source Files</Filter>
    </ClCompile>
    <ClCompile Include="..\src\spk.c">
      <Filter>Source Files</Filter>
    </ClCompile>
    <ClCompile Include="..\src\spherefs.c">
      <Filter>Source Files</Filter>
    </ClCompile>
    <ClCompile Include="..\src\audialis.c">
      <Filter>Source Files</Filter>
    </ClCompile>
  </ItemGroup>
  <ItemGroup>
    <ClInclude Include="..\src\duktape.h">
      <Filter>Header Files</Filter>
    </ClInclude>
    <ClInclude Include="..\src\minisphere.h">
      <Filter>Header Files</Filter>
    </ClInclude>
    <ClInclude Include="..\src\api.h">
      <Filter>Header Files</Filter>
    </ClInclude>
    <ClInclude Include="..\src\spriteset.h">
      <Filter>Header Files</Filter>
    </ClInclude>
    <ClInclude Include="..\src\input.h">
      <Filter>Header Files</Filter>
    </ClInclude>
    <ClInclude Include="..\src\map_engine.h">
      <Filter>Header Files</Filter>
    </ClInclude>
    <ClInclude Include="..\src\image.h">
      <Filter>Header Files</Filter>
    </ClInclude>
    <ClInclude Include="..\src\font.h">
      <Filter>Header Files</Filter>
    </ClInclude>
    <ClInclude Include="..\src\surface.h">
      <Filter>Header Files</Filter>
    </ClInclude>
    <ClInclude Include="..\src\color.h">
      <Filter>Header Files</Filter>
    </ClInclude>
    <ClInclude Include="..\src\file.h">
      <Filter>Header Files</Filter>
    </ClInclude>
    <ClInclude Include="..\src\bytearray.h">
      <Filter>Header Files</Filter>
    </ClInclude>
    <ClInclude Include="..\src\tileset.h">
      <Filter>Header Files</Filter>
    </ClInclude>
    <ClInclude Include="..\src\script.h">
      <Filter>Header Files</Filter>
    </ClInclude>
    <ClInclude Include="..\src\lstring.h">
      <Filter>Header Files</Filter>
    </ClInclude>
    <ClInclude Include="..\src\persons.h">
      <Filter>Header Files</Filter>
    </ClInclude>
    <ClInclude Include="..\src\geometry.h">
      <Filter>Header Files</Filter>
    </ClInclude>
    <ClInclude Include="..\src\obsmap.h">
      <Filter>Header Files</Filter>
    </ClInclude>
    <ClInclude Include="..\src\primitives.h">
      <Filter>Header Files</Filter>
    </ClInclude>
    <ClInclude Include="..\src\logger.h">
      <Filter>Header Files</Filter>
    </ClInclude>
    <ClInclude Include="..\src\dyad.h">
      <Filter>Header Files</Filter>
    </ClInclude>
    <ClInclude Include="..\src\sockets.h">
      <Filter>Header Files</Filter>
    </ClInclude>
    <ClInclude Include="..\src\galileo.h">
      <Filter>Header Files</Filter>
    </ClInclude>
    <ClInclude Include="..\src\windowstyle.h">
      <Filter>Header Files</Filter>
    </ClInclude>
    <ClInclude Include="resource.h">
      <Filter>Resource Files</Filter>
    </ClInclude>
    <ClInclude Include="..\src\vector.h">
      <Filter>Header Files</Filter>
    </ClInclude>
    <ClInclude Include="..\src\mt19937ar.h">
      <Filter>Header Files</Filter>
    </ClInclude>
    <ClInclude Include="..\src\rng.h">
      <Filter>Header Files</Filter>
    </ClInclude>
    <ClInclude Include="..\src\atlas.h">
      <Filter>Header Files</Filter>
    </ClInclude>
    <ClInclude Include="..\src\console.h">
      <Filter>Header Files</Filter>
    </ClInclude>
    <ClInclude Include="..\src\async.h">
      <Filter>Header Files</Filter>
    </ClInclude>
    <ClInclude Include="..\src\animation.h">
      <Filter>Header Files</Filter>
    </ClInclude>
    <ClInclude Include="..\src\shader.h">
      <Filter>Header Files</Filter>
    </ClInclude>
    <ClInclude Include="..\src\utility.h">
      <Filter>Header Files</Filter>
    </ClInclude>
    <ClInclude Include="..\src\unicode.h">
      <Filter>Header Files</Filter>
    </ClInclude>
    <ClInclude Include="..\src\particles.h">
      <Filter>Header Files</Filter>
    </ClInclude>
    <ClInclude Include="..\src\spk.h">
      <Filter>Header Files</Filter>
    </ClInclude>
    <ClInclude Include="..\src\spherefs.h">
      <Filter>Header Files</Filter>
    </ClInclude>
    <ClInclude Include="..\src\audialis.h">
      <Filter>Header Files</Filter>
    </ClInclude>
  </ItemGroup>
  <ItemGroup>
    <ResourceCompile Include="minisphere.rc">
      <Filter>Resource Files</Filter>
    </ResourceCompile>
  </ItemGroup>
  <ItemGroup>
    <Text Include="..\changelog.txt">
      <Filter>Documentation Files</Filter>
    </Text>
    <Text Include="..\distro\documentation\minisphere-api.txt">
      <Filter>Documentation Files</Filter>
    </Text>
  </ItemGroup>
  <ItemGroup>
    <Image Include="minisphere.ico">
      <Filter>Resource Files</Filter>
    </Image>
  </ItemGroup>
</Project>