<?xml version="1.0" encoding="utf-8"?>
<Project ToolsVersion="4.0" xmlns="http://schemas.microsoft.com/developer/msbuild/2003">
  <ItemGroup>
    <Filter Include="Source Files">
      <UniqueIdentifier>{4FC737F1-C7A5-4376-A066-2A32D752A2FF}</UniqueIdentifier>
      <Extensions>cpp;c;cc;cxx;def;odl;idl;hpj;bat;asm;asmx</Extensions>
    </Filter>
    <Filter Include="Header Files">
      <UniqueIdentifier>{93995380-89BD-4b04-88EB-625FBE52EBFB}</UniqueIdentifier>
      <Extensions>h;hh;hpp;hxx;hm;inl;inc;xsd</Extensions>
    </Filter>
    <Filter Include="Resource Files">
      <UniqueIdentifier>{67DA6AB6-F800-4c08-8B7A-83BB121AAD01}</UniqueIdentifier>
      <Extensions>rc;ico;cur;bmp;dlg;rc2;rct;bin;rgs;gif;jpg;jpeg;jpe;resx;tiff;tif;png;wav;mfcribbon-ms</Extensions>
    </Filter>
  </ItemGroup>
  <ItemGroup>
    <ClCompile Include="..\src\shared\duktape.c">
      <Filter>Source Files</Filter>
    </ClCompile>
    <ClCompile Include="..\src\shared\dyad.c">
      <Filter>Source Files</Filter>
    </ClCompile>
    <ClCompile Include="..\src\shared\mt19937ar.c">
      <Filter>Source Files</Filter>
    </ClCompile>
    <ClCompile Include="..\src\shared\lstring.c">
      <Filter>Source Files</Filter>
    </ClCompile>
    <ClCompile Include="..\src\shared\path.c">
      <Filter>Source Files</Filter>
    </ClCompile>
    <ClCompile Include="..\src\shared\unicode.c">
      <Filter>Source Files</Filter>
    </ClCompile>
    <ClCompile Include="..\src\shared\vector.c">
      <Filter>Source Files</Filter>
    </ClCompile>
    <ClCompile Include="..\src\engine\main.c">
      <Filter>Source Files</Filter>
    </ClCompile>
    <ClCompile Include="..\src\engine\animation.c">
      <Filter>Source Files</Filter>
    </ClCompile>
    <ClCompile Include="..\src\engine\api.c">
      <Filter>Source Files</Filter>
    </ClCompile>
    <ClCompile Include="..\src\engine\async.c">
      <Filter>Source Files</Filter>
    </ClCompile>
    <ClCompile Include="..\src\engine\atlas.c">
      <Filter>Source Files</Filter>
    </ClCompile>
    <ClCompile Include="..\src\engine\bytearray.c">
      <Filter>Source Files</Filter>
    </ClCompile>
    <ClCompile Include="..\src\engine\color.c">
      <Filter>Source Files</Filter>
    </ClCompile>
    <ClCompile Include="..\src\engine\console.c">
      <Filter>Source Files</Filter>
    </ClCompile>
    <ClCompile Include="..\src\engine\debugger.c">
      <Filter>Source Files</Filter>
    </ClCompile>
    <ClCompile Include="..\src\engine\file.c">
      <Filter>Source Files</Filter>
    </ClCompile>
    <ClCompile Include="..\src\engine\font.c">
      <Filter>Source Files</Filter>
    </ClCompile>
    <ClCompile Include="..\src\engine\galileo.c">
      <Filter>Source Files</Filter>
    </ClCompile>
    <ClCompile Include="..\src\engine\geometry.c">
      <Filter>Source Files</Filter>
    </ClCompile>
    <ClCompile Include="..\src\engine\image.c">
      <Filter>Source Files</Filter>
    </ClCompile>
    <ClCompile Include="..\src\engine\input.c">
      <Filter>Source Files</Filter>
    </ClCompile>
    <ClCompile Include="..\src\engine\logger.c">
      <Filter>Source Files</Filter>
    </ClCompile>
    <ClCompile Include="..\src\engine\map_engine.c">
      <Filter>Source Files</Filter>
    </ClCompile>
    <ClCompile Include="..\src\engine\obsmap.c">
      <Filter>Source Files</Filter>
    </ClCompile>
    <ClCompile Include="..\src\engine\persons.c">
      <Filter>Source Files</Filter>
    </ClCompile>
    <ClCompile Include="..\src\engine\rng.c">
      <Filter>Source Files</Filter>
    </ClCompile>
    <ClCompile Include="..\src\engine\script.c">
      <Filter>Source Files</Filter>
    </ClCompile>
    <ClCompile Include="..\src\engine\shader.c">
      <Filter>Source Files</Filter>
    </ClCompile>
    <ClCompile Include="..\src\engine\sockets.c">
      <Filter>Source Files</Filter>
    </ClCompile>
    <ClCompile Include="..\src\engine\spherefs.c">
      <Filter>Source Files</Filter>
    </ClCompile>
    <ClCompile Include="..\src\engine\spk.c">
      <Filter>Source Files</Filter>
    </ClCompile>
    <ClCompile Include="..\src\engine\spriteset.c">
      <Filter>Source Files</Filter>
    </ClCompile>
    <ClCompile Include="..\src\engine\surface.c">
      <Filter>Source Files</Filter>
    </ClCompile>
    <ClCompile Include="..\src\engine\tileset.c">
      <Filter>Source Files</Filter>
    </ClCompile>
    <ClCompile Include="..\src\engine\utility.c">
      <Filter>Source Files</Filter>
    </ClCompile>
    <ClCompile Include="..\src\engine\windowstyle.c">
      <Filter>Source Files</Filter>
    </ClCompile>
    <ClCompile Include="..\src\engine\screen.c">
      <Filter>Source Files</Filter>
    </ClCompile>
    <ClCompile Include="..\src\engine\matrix.c">
      <Filter>Source Files</Filter>
    </ClCompile>
    <ClCompile Include="..\src\shared\rubber_duk.c">
      <Filter>Source Files</Filter>
    </ClCompile>
    <ClCompile Include="..\src\engine\audio.c">
      <Filter>Source Files</Filter>
    </ClCompile>
    <ClCompile Include="..\src\engine\commonjs.c">
      <Filter>Source Files</Filter>
    </ClCompile>
    <ClCompile Include="..\src\engine\transpile.c">
      <Filter>Source Files</Filter>
    </ClCompile>
  </ItemGroup>
  <ItemGroup>
    <ClInclude Include="..\src\shared\duktape.h">
      <Filter>Header Files</Filter>
    </ClInclude>
    <ClInclude Include="..\src\shared\duk_config.h">
      <Filter>Header Files</Filter>
    </ClInclude>
    <ClInclude Include="..\src\shared\dyad.h">
      <Filter>Header Files</Filter>
    </ClInclude>
    <ClInclude Include="..\src\shared\mt19937ar.h">
      <Filter>Header Files</Filter>
    </ClInclude>
    <ClInclude Include="..\src\shared\lstring.h">
      <Filter>Header Files</Filter>
    </ClInclude>
    <ClInclude Include="..\src\shared\path.h">
      <Filter>Header Files</Filter>
    </ClInclude>
    <ClInclude Include="..\src\shared\unicode.h">
      <Filter>Header Files</Filter>
    </ClInclude>
    <ClInclude Include="..\src\shared\vector.h">
      <Filter>Header Files</Filter>
    </ClInclude>
    <ClInclude Include="..\src\shared\version.h">
      <Filter>Header Files</Filter>
    </ClInclude>
    <ClInclude Include="..\src\engine\minisphere.h">
      <Filter>Header Files</Filter>
    </ClInclude>
    <ClInclude Include="..\src\engine\animation.h">
      <Filter>Header Files</Filter>
    </ClInclude>
    <ClInclude Include="..\src\engine\api.h">
      <Filter>Header Files</Filter>
    </ClInclude>
    <ClInclude Include="..\src\engine\async.h">
      <Filter>Header Files</Filter>
    </ClInclude>
    <ClInclude Include="..\src\engine\atlas.h">
      <Filter>Header Files</Filter>
    </ClInclude>
    <ClInclude Include="..\src\engine\bytearray.h">
      <Filter>Header Files</Filter>
    </ClInclude>
    <ClInclude Include="..\src\engine\color.h">
      <Filter>Header Files</Filter>
    </ClInclude>
    <ClInclude Include="..\src\engine\console.h">
      <Filter>Header Files</Filter>
    </ClInclude>
    <ClInclude Include="..\src\engine\debugger.h">
      <Filter>Header Files</Filter>
    </ClInclude>
    <ClInclude Include="..\src\engine\duk_custom.h">
      <Filter>Header Files</Filter>
    </ClInclude>
    <ClInclude Include="..\src\engine\file.h">
      <Filter>Header Files</Filter>
    </ClInclude>
    <ClInclude Include="..\src\engine\font.h">
      <Filter>Header Files</Filter>
    </ClInclude>
    <ClInclude Include="..\src\engine\galileo.h">
      <Filter>Header Files</Filter>
    </ClInclude>
    <ClInclude Include="..\src\engine\geometry.h">
      <Filter>Header Files</Filter>
    </ClInclude>
    <ClInclude Include="..\src\engine\image.h">
      <Filter>Header Files</Filter>
    </ClInclude>
    <ClInclude Include="..\src\engine\input.h">
      <Filter>Header Files</Filter>
    </ClInclude>
    <ClInclude Include="..\src\engine\logger.h">
      <Filter>Header Files</Filter>
    </ClInclude>
    <ClInclude Include="..\src\engine\map_engine.h">
      <Filter>Header Files</Filter>
    </ClInclude>
    <ClInclude Include="..\src\engine\obsmap.h">
      <Filter>Header Files</Filter>
    </ClInclude>
    <ClInclude Include="..\src\engine\persons.h">
      <Filter>Header Files</Filter>
    </ClInclude>
    <ClInclude Include="..\src\engine\rng.h">
      <Filter>Header Files</Filter>
    </ClInclude>
    <ClInclude Include="..\src\engine\script.h">
      <Filter>Header Files</Filter>
    </ClInclude>
    <ClInclude Include="..\src\engine\shader.h">
      <Filter>Header Files</Filter>
    </ClInclude>
    <ClInclude Include="..\src\engine\sockets.h">
      <Filter>Header Files</Filter>
    </ClInclude>
    <ClInclude Include="..\src\engine\spherefs.h">
      <Filter>Header Files</Filter>
    </ClInclude>
    <ClInclude Include="..\src\engine\spk.h">
      <Filter>Header Files</Filter>
    </ClInclude>
    <ClInclude Include="..\src\engine\spriteset.h">
      <Filter>Header Files</Filter>
    </ClInclude>
    <ClInclude Include="..\src\engine\surface.h">
      <Filter>Header Files</Filter>
    </ClInclude>
    <ClInclude Include="..\src\engine\tileset.h">
      <Filter>Header Files</Filter>
    </ClInclude>
    <ClInclude Include="..\src\engine\utility.h">
      <Filter>Header Files</Filter>
    </ClInclude>
    <ClInclude Include="..\src\engine\windowstyle.h">
      <Filter>Header Files</Filter>
    </ClInclude>
    <ClInclude Include="resource.h">
      <Filter>Resource Files</Filter>
    </ClInclude>
    <ClInclude Include="..\src\engine\screen.h">
      <Filter>Header Files</Filter>
    </ClInclude>
    <ClInclude Include="..\src\engine\matrix.h">
      <Filter>Header Files</Filter>
    </ClInclude>
    <ClInclude Include="..\src\shared\rubber_duk.h">
      <Filter>Header Files</Filter>
    </ClInclude>
    <ClInclude Include="..\src\engine\audio.h">
      <Filter>Header Files</Filter>
    </ClInclude>
    <ClInclude Include="..\src\engine\commonjs.h">
      <Filter>Header Files</Filter>
    </ClInclude>
    <ClInclude Include="..\src\engine\transpile.h">
      <Filter>Header Files</Filter>
    </ClInclude>
  </ItemGroup>
  <ItemGroup>
    <ResourceCompile Include="engine.rc">
      <Filter>Resource Files</Filter>
    </ResourceCompile>
  </ItemGroup>
  <ItemGroup>
    <None Include="packages.config" />
  </ItemGroup>
  <ItemGroup>
    <Image Include="spherical.ico">
      <Filter>Resource Files</Filter>
    </Image>
  </ItemGroup>
</Project>