
Microsoft Visual Studio Solution File, Format Version 12.00
# Visual Studio 14
VisualStudioVersion = 14.0.25123.0
MinimumVisualStudioVersion = 10.0.40219.1
Project("{8BC9CEB8-8B4A-11D0-8D11-00A0C91BC942}") = "minisphere", "minisphere.vcxproj", "{9DA07B08-F2C7-4FFC-8770-9933EAB9D103}"
EndProject
Project("{8BC9CEB8-8B4A-11D0-8D11-00A0C91BC942}") = "Cell", "cell.vcxproj", "{9B7F1952-706E-4F2B-A9DC-CFF3EB5FA880}"
EndProject
Project("{FAE04EC0-301F-11D3-BF4B-00C04F79EFBC}") = "Plugin", "..\src\plugin\Plugin.csproj", "{D242F8EF-7D85-4B6B-9446-6758B68A7F54}"
EndProject
Project("{8BC9CEB8-8B4A-11D0-8D11-00A0C91BC942}") = "SSJ", "ssj.vcxproj", "{9C731E06-D435-43AF-8730-7BD51A6C731D}"
EndProject
Global
	GlobalSection(SolutionConfigurationPlatforms) = preSolution
		Debug|Win32 = Debug|Win32
		Debug|x64 = Debug|x64
		GDK|Win32 = GDK|Win32
		GDK|x64 = GDK|x64
		Redist|Win32 = Redist|Win32
		Redist|x64 = Redist|x64
	EndGlobalSection
	GlobalSection(ProjectConfigurationPlatforms) = postSolution
		{9DA07B08-F2C7-4FFC-8770-9933EAB9D103}.Debug|Win32.ActiveCfg = Debug|Win32
		{9DA07B08-F2C7-4FFC-8770-9933EAB9D103}.Debug|Win32.Build.0 = Debug|Win32
		{9DA07B08-F2C7-4FFC-8770-9933EAB9D103}.Debug|x64.ActiveCfg = Debug|x64
		{9DA07B08-F2C7-4FFC-8770-9933EAB9D103}.Debug|x64.Build.0 = Debug|x64
		{9DA07B08-F2C7-4FFC-8770-9933EAB9D103}.GDK|Win32.ActiveCfg = Console|Win32
		{9DA07B08-F2C7-4FFC-8770-9933EAB9D103}.GDK|Win32.Build.0 = Console|Win32
		{9DA07B08-F2C7-4FFC-8770-9933EAB9D103}.GDK|x64.ActiveCfg = Console|x64
		{9DA07B08-F2C7-4FFC-8770-9933EAB9D103}.GDK|x64.Build.0 = Console|x64
		{9DA07B08-F2C7-4FFC-8770-9933EAB9D103}.Redist|Win32.ActiveCfg = Release|Win32
		{9DA07B08-F2C7-4FFC-8770-9933EAB9D103}.Redist|Win32.Build.0 = Release|Win32
		{9DA07B08-F2C7-4FFC-8770-9933EAB9D103}.Redist|x64.ActiveCfg = Release|x64
		{9DA07B08-F2C7-4FFC-8770-9933EAB9D103}.Redist|x64.Build.0 = Release|x64
		{9B7F1952-706E-4F2B-A9DC-CFF3EB5FA880}.Debug|Win32.ActiveCfg = Debug|Win32
		{9B7F1952-706E-4F2B-A9DC-CFF3EB5FA880}.Debug|Win32.Build.0 = Debug|Win32
		{9B7F1952-706E-4F2B-A9DC-CFF3EB5FA880}.Debug|x64.ActiveCfg = Debug|x64
		{9B7F1952-706E-4F2B-A9DC-CFF3EB5FA880}.Debug|x64.Build.0 = Debug|x64
		{9B7F1952-706E-4F2B-A9DC-CFF3EB5FA880}.GDK|Win32.ActiveCfg = Console|Win32
		{9B7F1952-706E-4F2B-A9DC-CFF3EB5FA880}.GDK|Win32.Build.0 = Console|Win32
		{9B7F1952-706E-4F2B-A9DC-CFF3EB5FA880}.GDK|x64.ActiveCfg = Console|x64
		{9B7F1952-706E-4F2B-A9DC-CFF3EB5FA880}.GDK|x64.Build.0 = Console|x64
		{9B7F1952-706E-4F2B-A9DC-CFF3EB5FA880}.Redist|Win32.ActiveCfg = Console|Win32
		{9B7F1952-706E-4F2B-A9DC-CFF3EB5FA880}.Redist|Win32.Build.0 = Console|Win32
		{9B7F1952-706E-4F2B-A9DC-CFF3EB5FA880}.Redist|x64.ActiveCfg = Console|x64
		{D242F8EF-7D85-4B6B-9446-6758B68A7F54}.Debug|Win32.ActiveCfg = Debug|Any CPU
		{D242F8EF-7D85-4B6B-9446-6758B68A7F54}.Debug|Win32.Build.0 = Debug|Any CPU
		{D242F8EF-7D85-4B6B-9446-6758B68A7F54}.Debug|x64.ActiveCfg = Debug|Any CPU
		{D242F8EF-7D85-4B6B-9446-6758B68A7F54}.Debug|x64.Build.0 = Debug|Any CPU
		{D242F8EF-7D85-4B6B-9446-6758B68A7F54}.GDK|Win32.ActiveCfg = Release|Any CPU
		{D242F8EF-7D85-4B6B-9446-6758B68A7F54}.GDK|Win32.Build.0 = Release|Any CPU
		{D242F8EF-7D85-4B6B-9446-6758B68A7F54}.GDK|x64.ActiveCfg = Release|Any CPU
		{D242F8EF-7D85-4B6B-9446-6758B68A7F54}.GDK|x64.Build.0 = Release|Any CPU
		{D242F8EF-7D85-4B6B-9446-6758B68A7F54}.Redist|Win32.ActiveCfg = Release|Any CPU
		{D242F8EF-7D85-4B6B-9446-6758B68A7F54}.Redist|Win32.Build.0 = Release|Any CPU
		{D242F8EF-7D85-4B6B-9446-6758B68A7F54}.Redist|x64.ActiveCfg = Release|Any CPU
		{9C731E06-D435-43AF-8730-7BD51A6C731D}.Debug|Win32.ActiveCfg = Debug|Win32
		{9C731E06-D435-43AF-8730-7BD51A6C731D}.Debug|Win32.Build.0 = Debug|Win32
		{9C731E06-D435-43AF-8730-7BD51A6C731D}.Debug|x64.ActiveCfg = Debug|x64
		{9C731E06-D435-43AF-8730-7BD51A6C731D}.Debug|x64.Build.0 = Debug|x64
		{9C731E06-D435-43AF-8730-7BD51A6C731D}.GDK|Win32.ActiveCfg = Console|Win32
		{9C731E06-D435-43AF-8730-7BD51A6C731D}.GDK|Win32.Build.0 = Console|Win32
		{9C731E06-D435-43AF-8730-7BD51A6C731D}.GDK|x64.ActiveCfg = Console|x64
		{9C731E06-D435-43AF-8730-7BD51A6C731D}.GDK|x64.Build.0 = Console|x64
		{9C731E06-D435-43AF-8730-7BD51A6C731D}.Redist|Win32.ActiveCfg = Console|Win32
		{9C731E06-D435-43AF-8730-7BD51A6C731D}.Redist|Win32.Build.0 = Console|Win32
		{9C731E06-D435-43AF-8730-7BD51A6C731D}.Redist|x64.ActiveCfg = Console|x64
	EndGlobalSection
	GlobalSection(SolutionProperties) = preSolution
		HideSolutionNode = FALSE
	EndGlobalSection
EndGlobal
