<?xml version="1.0" encoding="utf-8"?>
<Project ToolsVersion="4.0" xmlns="http://schemas.microsoft.com/developer/msbuild/2003">
  <ItemGroup>
    <Filter Include="Source Files">
      <UniqueIdentifier>{4FC737F1-C7A5-4376-A066-2A32D752A2FF}</UniqueIdentifier>
      <Extensions>cpp;c;cc;cxx;def;odl;idl;hpj;bat;asm;asmx</Extensions>
    </Filter>
    <Filter Include="Header Files">
      <UniqueIdentifier>{93995380-89BD-4b04-88EB-625FBE52EBFB}</UniqueIdentifier>
      <Extensions>h;hh;hpp;hxx;hm;inl;inc;xsd</Extensions>
    </Filter>
    <Filter Include="Resource Files">
      <UniqueIdentifier>{67DA6AB6-F800-4c08-8B7A-83BB121AAD01}</UniqueIdentifier>
      <Extensions>rc;ico;cur;bmp;dlg;rc2;rct;bin;rgs;gif;jpg;jpeg;jpe;resx;tiff;tif;png;wav;mfcribbon-ms</Extensions>
    </Filter>
  </ItemGroup>
  <ItemGroup>
    <ClCompile Include="..\src\shared\duktape.c">
      <Filter>Source Files</Filter>
    </ClCompile>
    <ClCompile Include="..\src\shared\dyad.c">
      <Filter>Source Files</Filter>
    </ClCompile>
    <ClCompile Include="..\src\shared\lstring.c">
      <Filter>Source Files</Filter>
    </ClCompile>
    <ClCompile Include="..\src\shared\path.c">
      <Filter>Source Files</Filter>
    </ClCompile>
    <ClCompile Include="..\src\shared\unicode.c">
      <Filter>Source Files</Filter>
    </ClCompile>
    <ClCompile Include="..\src\shared\vector.c">
      <Filter>Source Files</Filter>
    </ClCompile>
    <ClCompile Include="..\src\minisphere\main.c">
      <Filter>Source Files</Filter>
    </ClCompile>
    <ClCompile Include="..\src\minisphere\animation.c">
      <Filter>Source Files</Filter>
    </ClCompile>
    <ClCompile Include="..\src\minisphere\async.c">
      <Filter>Source Files</Filter>
    </ClCompile>
    <ClCompile Include="..\src\minisphere\atlas.c">
      <Filter>Source Files</Filter>
    </ClCompile>
    <ClCompile Include="..\src\minisphere\color.c">
      <Filter>Source Files</Filter>
    </ClCompile>
    <ClCompile Include="..\src\minisphere\console.c">
      <Filter>Source Files</Filter>
    </ClCompile>
    <ClCompile Include="..\src\minisphere\debugger.c">
      <Filter>Source Files</Filter>
    </ClCompile>
    <ClCompile Include="..\src\minisphere\font.c">
      <Filter>Source Files</Filter>
    </ClCompile>
    <ClCompile Include="..\src\minisphere\galileo.c">
      <Filter>Source Files</Filter>
    </ClCompile>
    <ClCompile Include="..\src\minisphere\geometry.c">
      <Filter>Source Files</Filter>
    </ClCompile>
    <ClCompile Include="..\src\minisphere\image.c">
      <Filter>Source Files</Filter>
    </ClCompile>
    <ClCompile Include="..\src\minisphere\input.c">
      <Filter>Source Files</Filter>
    </ClCompile>
    <ClCompile Include="..\src\minisphere\logger.c">
      <Filter>Source Files</Filter>
    </ClCompile>
    <ClCompile Include="..\src\minisphere\map_engine.c">
      <Filter>Source Files</Filter>
    </ClCompile>
    <ClCompile Include="..\src\minisphere\script.c">
      <Filter>Source Files</Filter>
    </ClCompile>
    <ClCompile Include="..\src\minisphere\sockets.c">
      <Filter>Source Files</Filter>
    </ClCompile>
    <ClCompile Include="..\src\minisphere\spk.c">
      <Filter>Source Files</Filter>
    </ClCompile>
    <ClCompile Include="..\src\minisphere\spriteset.c">
      <Filter>Source Files</Filter>
    </ClCompile>
    <ClCompile Include="..\src\minisphere\tileset.c">
      <Filter>Source Files</Filter>
    </ClCompile>
    <ClCompile Include="..\src\minisphere\utility.c">
      <Filter>Source Files</Filter>
    </ClCompile>
    <ClCompile Include="..\src\minisphere\windowstyle.c">
      <Filter>Source Files</Filter>
    </ClCompile>
    <ClCompile Include="..\src\minisphere\screen.c">
      <Filter>Source Files</Filter>
    </ClCompile>
    <ClCompile Include="..\src\minisphere\audio.c">
      <Filter>Source Files</Filter>
    </ClCompile>
    <ClCompile Include="..\src\shared\xoroshiro.c">
      <Filter>Source Files</Filter>
    </ClCompile>
    <ClCompile Include="..\src\minisphere\pegasus.c">
      <Filter>Source Files</Filter>
    </ClCompile>
    <ClCompile Include="..\src\minisphere\vanilla.c">
      <Filter>Source Files</Filter>
    </ClCompile>
    <ClCompile Include="..\src\shared\api.c">
      <Filter>Source Files</Filter>
    </ClCompile>
    <ClCompile Include="..\src\shared\md5.c">
      <Filter>Source Files</Filter>
    </ClCompile>
    <ClCompile Include="..\src\minisphere\transform.c">
      <Filter>Source Files</Filter>
    </ClCompile>
    <ClCompile Include="..\src\minisphere\legacy.c">
      <Filter>Source Files</Filter>
    </ClCompile>
    <ClCompile Include="..\src\minisphere\obstruction.c">
      <Filter>Source Files</Filter>
    </ClCompile>
    <ClCompile Include="..\src\minisphere\byte_array.c">
      <Filter>Source Files</Filter>
    </ClCompile>
    <ClCompile Include="..\src\minisphere\kev_file.c">
      <Filter>Source Files</Filter>
    </ClCompile>
    <ClCompile Include="..\src\minisphere\fs.c">
      <Filter>Source Files</Filter>
    </ClCompile>
  </ItemGroup>
  <ItemGroup>
    <ClInclude Include="..\src\shared\duktape.h">
      <Filter>Header Files</Filter>
    </ClInclude>
    <ClInclude Include="..\src\shared\duk_config.h">
      <Filter>Header Files</Filter>
    </ClInclude>
    <ClInclude Include="..\src\shared\dyad.h">
      <Filter>Header Files</Filter>
    </ClInclude>
    <ClInclude Include="..\src\shared\lstring.h">
      <Filter>Header Files</Filter>
    </ClInclude>
    <ClInclude Include="..\src\shared\path.h">
      <Filter>Header Files</Filter>
    </ClInclude>
    <ClInclude Include="..\src\shared\unicode.h">
      <Filter>Header Files</Filter>
    </ClInclude>
    <ClInclude Include="..\src\shared\vector.h">
      <Filter>Header Files</Filter>
    </ClInclude>
    <ClInclude Include="..\src\shared\version.h">
      <Filter>Header Files</Filter>
    </ClInclude>
    <ClInclude Include="..\src\minisphere\minisphere.h">
      <Filter>Header Files</Filter>
    </ClInclude>
    <ClInclude Include="..\src\minisphere\animation.h">
      <Filter>Header Files</Filter>
    </ClInclude>
    <ClInclude Include="..\src\minisphere\async.h">
      <Filter>Header Files</Filter>
    </ClInclude>
    <ClInclude Include="..\src\minisphere\atlas.h">
      <Filter>Header Files</Filter>
    </ClInclude>
    <ClInclude Include="..\src\minisphere\color.h">
      <Filter>Header Files</Filter>
    </ClInclude>
    <ClInclude Include="..\src\minisphere\console.h">
      <Filter>Header Files</Filter>
    </ClInclude>
    <ClInclude Include="..\src\minisphere\debugger.h">
      <Filter>Header Files</Filter>
    </ClInclude>
    <ClInclude Include="..\src\minisphere\font.h">
      <Filter>Header Files</Filter>
    </ClInclude>
    <ClInclude Include="..\src\minisphere\galileo.h">
      <Filter>Header Files</Filter>
    </ClInclude>
    <ClInclude Include="..\src\minisphere\geometry.h">
      <Filter>Header Files</Filter>
    </ClInclude>
    <ClInclude Include="..\src\minisphere\image.h">
      <Filter>Header Files</Filter>
    </ClInclude>
    <ClInclude Include="..\src\minisphere\input.h">
      <Filter>Header Files</Filter>
    </ClInclude>
    <ClInclude Include="..\src\minisphere\logger.h">
      <Filter>Header Files</Filter>
    </ClInclude>
    <ClInclude Include="..\src\minisphere\map_engine.h">
      <Filter>Header Files</Filter>
    </ClInclude>
    <ClInclude Include="..\src\minisphere\script.h">
      <Filter>Header Files</Filter>
    </ClInclude>
    <ClInclude Include="..\src\minisphere\sockets.h">
      <Filter>Header Files</Filter>
    </ClInclude>
    <ClInclude Include="..\src\minisphere\spk.h">
      <Filter>Header Files</Filter>
    </ClInclude>
    <ClInclude Include="..\src\minisphere\spriteset.h">
      <Filter>Header Files</Filter>
    </ClInclude>
    <ClInclude Include="..\src\minisphere\tileset.h">
      <Filter>Header Files</Filter>
    </ClInclude>
    <ClInclude Include="..\src\minisphere\utility.h">
      <Filter>Header Files</Filter>
    </ClInclude>
    <ClInclude Include="..\src\minisphere\windowstyle.h">
      <Filter>Header Files</Filter>
    </ClInclude>
    <ClInclude Include="resource.h">
      <Filter>Resource Files</Filter>
    </ClInclude>
    <ClInclude Include="..\src\minisphere\screen.h">
      <Filter>Header Files</Filter>
    </ClInclude>
    <ClInclude Include="..\src\minisphere\audio.h">
      <Filter>Header Files</Filter>
    </ClInclude>
    <ClInclude Include="..\src\shared\xoroshiro.h">
      <Filter>Header Files</Filter>
    </ClInclude>
    <ClInclude Include="..\src\minisphere\pegasus.h">
      <Filter>Header Files</Filter>
    </ClInclude>
    <ClInclude Include="..\src\minisphere\vanilla.h">
      <Filter>Header Files</Filter>
    </ClInclude>
    <ClInclude Include="..\src\shared\api.h">
      <Filter>Header Files</Filter>
    </ClInclude>
    <ClInclude Include="..\src\shared\md5.h">
      <Filter>Header Files</Filter>
    </ClInclude>
    <ClInclude Include="..\src\minisphere\transform.h">
      <Filter>Header Files</Filter>
    </ClInclude>
    <ClInclude Include="..\src\minisphere\legacy.h">
      <Filter>Header Files</Filter>
    </ClInclude>
    <ClInclude Include="..\src\minisphere\obstruction.h">
      <Filter>Header Files</Filter>
    </ClInclude>
    <ClInclude Include="..\src\minisphere\byte_array.h">
      <Filter>Header Files</Filter>
    </ClInclude>
    <ClInclude Include="..\src\minisphere\kev_file.h">
      <Filter>Header Files</Filter>
    </ClInclude>
    <ClInclude Include="..\src\minisphere\fs.h">
      <Filter>Header Files</Filter>
    </ClInclude>
  </ItemGroup>
  <ItemGroup>
    <ResourceCompile Include="minisphere.rc">
      <Filter>Resource Files</Filter>
    </ResourceCompile>
  </ItemGroup>
  <ItemGroup>
    <Image Include="spherical.ico">
      <Filter>Resource Files</Filter>
    </Image>
  </ItemGroup>
  <ItemGroup>
    <None Include="packages.config" />
  </ItemGroup>
</Project>