<?xml version="1.0" encoding="utf-8"?>
<Project ToolsVersion="4.0" xmlns="http://schemas.microsoft.com/developer/msbuild/2003">
  <ItemGroup>
    <Filter Include="Source Files">
      <UniqueIdentifier>{4FC737F1-C7A5-4376-A066-2A32D752A2FF}</UniqueIdentifier>
      <Extensions>cpp;c;cc;cxx;def;odl;idl;hpj;bat;asm;asmx</Extensions>
    </Filter>
    <Filter Include="Header Files">
      <UniqueIdentifier>{93995380-89BD-4b04-88EB-625FBE52EBFB}</UniqueIdentifier>
      <Extensions>h;hh;hpp;hxx;hm;inl;inc;xsd</Extensions>
    </Filter>
    <Filter Include="Resource Files">
      <UniqueIdentifier>{67DA6AB6-F800-4c08-8B7A-83BB121AAD01}</UniqueIdentifier>
      <Extensions>rc;ico;cur;bmp;dlg;rc2;rct;bin;rgs;gif;jpg;jpeg;jpe;resx;tiff;tif;png;wav;mfcribbon-ms</Extensions>
    </Filter>
  </ItemGroup>
  <ItemGroup>
    <ClCompile Include="..\src\shared\dyad.c">
      <Filter>Source Files</Filter>
    </ClCompile>
    <ClCompile Include="..\src\shared\lstring.c">
      <Filter>Source Files</Filter>
    </ClCompile>
    <ClCompile Include="..\src\shared\path.c">
      <Filter>Source Files</Filter>
    </ClCompile>
    <ClCompile Include="..\src\shared\unicode.c">
      <Filter>Source Files</Filter>
    </ClCompile>
    <ClCompile Include="..\src\shared\vector.c">
      <Filter>Source Files</Filter>
    </ClCompile>
    <ClCompile Include="..\src\neosphere\main.c">
      <Filter>Source Files</Filter>
    </ClCompile>
    <ClCompile Include="..\src\neosphere\animation.c">
      <Filter>Source Files</Filter>
    </ClCompile>
    <ClCompile Include="..\src\neosphere\atlas.c">
      <Filter>Source Files</Filter>
    </ClCompile>
    <ClCompile Include="..\src\neosphere\color.c">
      <Filter>Source Files</Filter>
    </ClCompile>
    <ClCompile Include="..\src\neosphere\debugger.c">
      <Filter>Source Files</Filter>
    </ClCompile>
    <ClCompile Include="..\src\neosphere\font.c">
      <Filter>Source Files</Filter>
    </ClCompile>
    <ClCompile Include="..\src\neosphere\galileo.c">
      <Filter>Source Files</Filter>
    </ClCompile>
    <ClCompile Include="..\src\neosphere\geometry.c">
      <Filter>Source Files</Filter>
    </ClCompile>
    <ClCompile Include="..\src\neosphere\image.c">
      <Filter>Source Files</Filter>
    </ClCompile>
    <ClCompile Include="..\src\neosphere\input.c">
      <Filter>Source Files</Filter>
    </ClCompile>
    <ClCompile Include="..\src\neosphere\logger.c">
      <Filter>Source Files</Filter>
    </ClCompile>
    <ClCompile Include="..\src\neosphere\map_engine.c">
      <Filter>Source Files</Filter>
    </ClCompile>
    <ClCompile Include="..\src\neosphere\script.c">
      <Filter>Source Files</Filter>
    </ClCompile>
    <ClCompile Include="..\src\neosphere\spriteset.c">
      <Filter>Source Files</Filter>
    </ClCompile>
    <ClCompile Include="..\src\neosphere\tileset.c">
      <Filter>Source Files</Filter>
    </ClCompile>
    <ClCompile Include="..\src\neosphere\utility.c">
      <Filter>Source Files</Filter>
    </ClCompile>
    <ClCompile Include="..\src\neosphere\windowstyle.c">
      <Filter>Source Files</Filter>
    </ClCompile>
    <ClCompile Include="..\src\neosphere\screen.c">
      <Filter>Source Files</Filter>
    </ClCompile>
    <ClCompile Include="..\src\neosphere\audio.c">
      <Filter>Source Files</Filter>
    </ClCompile>
    <ClCompile Include="..\src\shared\xoroshiro.c">
      <Filter>Source Files</Filter>
    </ClCompile>
    <ClCompile Include="..\src\neosphere\pegasus.c">
      <Filter>Source Files</Filter>
    </ClCompile>
    <ClCompile Include="..\src\neosphere\vanilla.c">
      <Filter>Source Files</Filter>
    </ClCompile>
    <ClCompile Include="..\src\shared\api.c">
      <Filter>Source Files</Filter>
    </ClCompile>
    <ClCompile Include="..\src\shared\md5.c">
      <Filter>Source Files</Filter>
    </ClCompile>
    <ClCompile Include="..\src\neosphere\transform.c">
      <Filter>Source Files</Filter>
    </ClCompile>
    <ClCompile Include="..\src\neosphere\legacy.c">
      <Filter>Source Files</Filter>
    </ClCompile>
    <ClCompile Include="..\src\neosphere\obstruction.c">
      <Filter>Source Files</Filter>
    </ClCompile>
    <ClCompile Include="..\src\neosphere\byte_array.c">
      <Filter>Source Files</Filter>
    </ClCompile>
    <ClCompile Include="..\src\neosphere\kev_file.c">
      <Filter>Source Files</Filter>
    </ClCompile>
    <ClCompile Include="..\src\neosphere\game.c">
      <Filter>Source Files</Filter>
    </ClCompile>
    <ClCompile Include="..\src\neosphere\package.c">
      <Filter>Source Files</Filter>
    </ClCompile>
    <ClCompile Include="..\src\shared\jsal.c">
      <Filter>Source Files</Filter>
    </ClCompile>
    <ClCompile Include="..\src\shared\console.c">
      <Filter>Source Files</Filter>
    </ClCompile>
    <ClCompile Include="..\src\shared\sockets.c">
      <Filter>Source Files</Filter>
    </ClCompile>
    <ClCompile Include="..\src\shared\ki.c">
      <Filter>Source Files</Filter>
    </ClCompile>
    <ClCompile Include="..\src\shared\encoding.c">
      <Filter>Source Files</Filter>
    </ClCompile>
    <ClCompile Include="..\src\neosphere\dispatch.c">
      <Filter>Source Files</Filter>
    </ClCompile>
    <ClCompile Include="..\src\neosphere\profiler.c">
      <Filter>Source Files</Filter>
    </ClCompile>
    <ClCompile Include="..\src\neosphere\table.c">
      <Filter>Source Files</Filter>
    </ClCompile>
    <ClCompile Include="..\src\shared\compress.c">
      <Filter>Source Files</Filter>
    </ClCompile>
    <ClCompile Include="..\src\neosphere\blend_op.c">
      <Filter>Source Files</Filter>
    </ClCompile>
    <ClCompile Include="..\src\neosphere\event_loop.c">
      <Filter>Source Files</Filter>
    </ClCompile>
    <ClCompile Include="..\src\shared\wildmatch.c">
      <Filter>Source Files</Filter>
    </ClCompile>
    <ClCompile Include="..\src\neosphere\module.c">
      <Filter>Source Files</Filter>
    </ClCompile>
    <ClCompile Include="..\src\neosphere\source_map.c">
      <Filter>Source Files</Filter>
    </ClCompile>
    <ClCompile Include="..\src\neosphere\asset.c">
      <Filter>Source Files</Filter>
    </ClCompile>
  </ItemGroup>
  <ItemGroup>
    <ClInclude Include="..\src\shared\dyad.h">
      <Filter>Header Files</Filter>
    </ClInclude>
    <ClInclude Include="..\src\shared\lstring.h">
      <Filter>Header Files</Filter>
    </ClInclude>
    <ClInclude Include="..\src\shared\path.h">
      <Filter>Header Files</Filter>
    </ClInclude>
    <ClInclude Include="..\src\shared\unicode.h">
      <Filter>Header Files</Filter>
    </ClInclude>
    <ClInclude Include="..\src\shared\vector.h">
      <Filter>Header Files</Filter>
    </ClInclude>
    <ClInclude Include="..\src\shared\version.h">
      <Filter>Header Files</Filter>
    </ClInclude>
    <ClInclude Include="..\src\neosphere\neosphere.h">
      <Filter>Header Files</Filter>
    </ClInclude>
    <ClInclude Include="..\src\neosphere\animation.h">
      <Filter>Header Files</Filter>
    </ClInclude>
    <ClInclude Include="..\src\neosphere\atlas.h">
      <Filter>Header Files</Filter>
    </ClInclude>
    <ClInclude Include="..\src\neosphere\color.h">
      <Filter>Header Files</Filter>
    </ClInclude>
    <ClInclude Include="..\src\neosphere\debugger.h">
      <Filter>Header Files</Filter>
    </ClInclude>
    <ClInclude Include="..\src\neosphere\font.h">
      <Filter>Header Files</Filter>
    </ClInclude>
    <ClInclude Include="..\src\neosphere\galileo.h">
      <Filter>Header Files</Filter>
    </ClInclude>
    <ClInclude Include="..\src\neosphere\geometry.h">
      <Filter>Header Files</Filter>
    </ClInclude>
    <ClInclude Include="..\src\neosphere\image.h">
      <Filter>Header Files</Filter>
    </ClInclude>
    <ClInclude Include="..\src\neosphere\input.h">
      <Filter>Header Files</Filter>
    </ClInclude>
    <ClInclude Include="..\src\neosphere\logger.h">
      <Filter>Header Files</Filter>
    </ClInclude>
    <ClInclude Include="..\src\neosphere\map_engine.h">
      <Filter>Header Files</Filter>
    </ClInclude>
    <ClInclude Include="..\src\neosphere\script.h">
      <Filter>Header Files</Filter>
    </ClInclude>
    <ClInclude Include="..\src\neosphere\spriteset.h">
      <Filter>Header Files</Filter>
    </ClInclude>
    <ClInclude Include="..\src\neosphere\tileset.h">
      <Filter>Header Files</Filter>
    </ClInclude>
    <ClInclude Include="..\src\neosphere\utility.h">
      <Filter>Header Files</Filter>
    </ClInclude>
    <ClInclude Include="resource.h">
      <Filter>Resource Files</Filter>
    </ClInclude>
    <ClInclude Include="..\src\neosphere\screen.h">
      <Filter>Header Files</Filter>
    </ClInclude>
    <ClInclude Include="..\src\neosphere\audio.h">
      <Filter>Header Files</Filter>
    </ClInclude>
    <ClInclude Include="..\src\shared\xoroshiro.h">
      <Filter>Header Files</Filter>
    </ClInclude>
    <ClInclude Include="..\src\neosphere\pegasus.h">
      <Filter>Header Files</Filter>
    </ClInclude>
    <ClInclude Include="..\src\neosphere\vanilla.h">
      <Filter>Header Files</Filter>
    </ClInclude>
    <ClInclude Include="..\src\shared\api.h">
      <Filter>Header Files</Filter>
    </ClInclude>
    <ClInclude Include="..\src\shared\md5.h">
      <Filter>Header Files</Filter>
    </ClInclude>
    <ClInclude Include="..\src\neosphere\transform.h">
      <Filter>Header Files</Filter>
    </ClInclude>
    <ClInclude Include="..\src\neosphere\legacy.h">
      <Filter>Header Files</Filter>
    </ClInclude>
    <ClInclude Include="..\src\neosphere\obstruction.h">
      <Filter>Header Files</Filter>
    </ClInclude>
    <ClInclude Include="..\src\neosphere\byte_array.h">
      <Filter>Header Files</Filter>
    </ClInclude>
    <ClInclude Include="..\src\neosphere\kev_file.h">
      <Filter>Header Files</Filter>
    </ClInclude>
    <ClInclude Include="..\src\neosphere\windowstyle.h">
      <Filter>Header Files</Filter>
    </ClInclude>
    <ClInclude Include="..\src\neosphere\game.h">
      <Filter>Header Files</Filter>
    </ClInclude>
    <ClInclude Include="..\src\neosphere\package.h">
      <Filter>Header Files</Filter>
    </ClInclude>
    <ClInclude Include="..\src\shared\jsal.h">
      <Filter>Header Files</Filter>
    </ClInclude>
    <ClInclude Include="..\src\shared\console.h">
      <Filter>Header Files</Filter>
    </ClInclude>
    <ClInclude Include="..\src\shared\sockets.h">
      <Filter>Header Files</Filter>
    </ClInclude>
    <ClInclude Include="..\src\shared\posix.h">
      <Filter>Header Files</Filter>
    </ClInclude>
    <ClInclude Include="..\src\shared\ki.h">
      <Filter>Header Files</Filter>
    </ClInclude>
    <ClInclude Include="..\src\shared\encoding.h">
      <Filter>Header Files</Filter>
    </ClInclude>
    <ClInclude Include="..\src\neosphere\dispatch.h">
      <Filter>Header Files</Filter>
    </ClInclude>
    <ClInclude Include="..\src\neosphere\profiler.h">
      <Filter>Header Files</Filter>
    </ClInclude>
    <ClInclude Include="..\src\neosphere\table.h">
      <Filter>Header Files</Filter>
    </ClInclude>
    <ClInclude Include="..\src\shared\compress.h">
      <Filter>Header Files</Filter>
    </ClInclude>
    <ClInclude Include="..\src\shared\tinydir.h">
      <Filter>Header Files</Filter>
    </ClInclude>
    <ClInclude Include="..\src\neosphere\blend_op.h">
      <Filter>Header Files</Filter>
    </ClInclude>
    <ClInclude Include="..\src\neosphere\event_loop.h">
      <Filter>Header Files</Filter>
    </ClInclude>
    <ClInclude Include="..\src\shared\wildmatch.h">
      <Filter>Header Files</Filter>
    </ClInclude>
    <ClInclude Include="..\src\neosphere\module.h">
      <Filter>Header Files</Filter>
    </ClInclude>
    <ClInclude Include="..\src\neosphere\source_map.h">
      <Filter>Header Files</Filter>
    </ClInclude>
    <ClInclude Include="..\src\neosphere\asset.h">
      <Filter>Header Files</Filter>
    </ClInclude>
  </ItemGroup>
  <ItemGroup>
    <ResourceCompile Include="neosphere.rc">
      <Filter>Resource Files</Filter>
    </ResourceCompile>
  </ItemGroup>
  <ItemGroup>
    <Image Include="spherical.ico">
      <Filter>Resource Files</Filter>
    </Image>
  </ItemGroup>
  <ItemGroup>
    <None Include="packages.config" />
  </ItemGroup>
</Project>