<?xml version="1.0" encoding="utf-8"?>
<Project ToolsVersion="4.0" xmlns="http://schemas.microsoft.com/developer/msbuild/2003">
  <ItemGroup>
    <Filter Include="Source Files">
      <UniqueIdentifier>{4FC737F1-C7A5-4376-A066-2A32D752A2FF}</UniqueIdentifier>
      <Extensions>cpp;c;cc;cxx;def;odl;idl;hpj;bat;asm;asmx</Extensions>
    </Filter>
    <Filter Include="Header Files">
      <UniqueIdentifier>{93995380-89BD-4b04-88EB-625FBE52EBFB}</UniqueIdentifier>
      <Extensions>h;hh;hpp;hxx;hm;inl;inc;xsd</Extensions>
    </Filter>
    <Filter Include="Resource Files">
      <UniqueIdentifier>{67DA6AB6-F800-4c08-8B7A-83BB121AAD01}</UniqueIdentifier>
      <Extensions>rc;ico;cur;bmp;dlg;rc2;rct;bin;rgs;gif;jpg;jpeg;jpe;resx;tiff;tif;png;wav;mfcribbon-ms</Extensions>
    </Filter>
  </ItemGroup>
  <ItemGroup>
    <ClCompile Include="..\src\shared\dyad.c">
      <Filter>Source Files</Filter>
    </ClCompile>
    <ClCompile Include="..\src\shared\path.c">
      <Filter>Source Files</Filter>
    </ClCompile>
    <ClCompile Include="..\src\shared\vector.c">
      <Filter>Source Files</Filter>
    </ClCompile>
    <ClCompile Include="..\src\ssj\main.c">
      <Filter>Source Files</Filter>
    </ClCompile>
    <ClCompile Include="..\src\ssj\help.c">
      <Filter>Source Files</Filter>
    </ClCompile>
    <ClCompile Include="..\src\ssj\parser.c">
      <Filter>Source Files</Filter>
    </ClCompile>
    <ClCompile Include="..\src\shared\lstring.c">
      <Filter>Source Files</Filter>
    </ClCompile>
    <ClCompile Include="..\src\shared\unicode.c">
      <Filter>Source Files</Filter>
    </ClCompile>
    <ClCompile Include="..\src\ssj\inferior.c">
      <Filter>Source Files</Filter>
    </ClCompile>
    <ClCompile Include="..\src\ssj\session.c">
      <Filter>Source Files</Filter>
    </ClCompile>
    <ClCompile Include="..\src\ssj\backtrace.c">
      <Filter>Source Files</Filter>
    </ClCompile>
    <ClCompile Include="..\src\ssj\objview.c">
      <Filter>Source Files</Filter>
    </ClCompile>
    <ClCompile Include="..\src\shared\console.c">
      <Filter>Source Files</Filter>
    </ClCompile>
    <ClCompile Include="..\src\shared\sockets.c">
      <Filter>Source Files</Filter>
    </ClCompile>
    <ClCompile Include="..\src\shared\ki.c">
      <Filter>Source Files</Filter>
    </ClCompile>
    <ClCompile Include="..\src\ssj\listing.c">
      <Filter>Source Files</Filter>
    </ClCompile>
    <ClCompile Include="..\src\shared\xoroshiro.c">
      <Filter>Source Files</Filter>
    </ClCompile>
  </ItemGroup>
  <ItemGroup>
    <ClInclude Include="..\src\shared\dyad.h">
      <Filter>Header Files</Filter>
    </ClInclude>
    <ClInclude Include="..\src\shared\path.h">
      <Filter>Header Files</Filter>
    </ClInclude>
    <ClInclude Include="..\src\shared\vector.h">
      <Filter>Header Files</Filter>
    </ClInclude>
    <ClInclude Include="..\src\shared\version.h">
      <Filter>Header Files</Filter>
    </ClInclude>
    <ClInclude Include="..\src\ssj\ssj.h">
      <Filter>Header Files</Filter>
    </ClInclude>
    <ClInclude Include="resource2.h">
      <Filter>Resource Files</Filter>
    </ClInclude>
    <ClInclude Include="..\src\ssj\help.h">
      <Filter>Header Files</Filter>
    </ClInclude>
    <ClInclude Include="..\src\ssj\parser.h">
      <Filter>Header Files</Filter>
    </ClInclude>
    <ClInclude Include="..\src\shared\lstring.h">
      <Filter>Header Files</Filter>
    </ClInclude>
    <ClInclude Include="..\src\shared\unicode.h">
      <Filter>Header Files</Filter>
    </ClInclude>
    <ClInclude Include="..\src\ssj\inferior.h">
      <Filter>Header Files</Filter>
    </ClInclude>
    <ClInclude Include="..\src\ssj\session.h">
      <Filter>Header Files</Filter>
    </ClInclude>
    <ClInclude Include="..\src\ssj\backtrace.h">
      <Filter>Header Files</Filter>
    </ClInclude>
    <ClInclude Include="..\src\ssj\objview.h">
      <Filter>Header Files</Filter>
    </ClInclude>
    <ClInclude Include="..\src\shared\console.h">
      <Filter>Header Files</Filter>
    </ClInclude>
    <ClInclude Include="..\src\shared\sockets.h">
      <Filter>Header Files</Filter>
    </ClInclude>
    <ClInclude Include="..\src\shared\posix.h">
      <Filter>Header Files</Filter>
    </ClInclude>
    <ClInclude Include="..\src\shared\ki.h">
      <Filter>Header Files</Filter>
    </ClInclude>
    <ClInclude Include="..\src\ssj\listing.h">
      <Filter>Header Files</Filter>
    </ClInclude>
    <ClInclude Include="..\src\shared\xoroshiro.h">
      <Filter>Header Files</Filter>
    </ClInclude>
  </ItemGroup>
  <ItemGroup>
    <ResourceCompile Include="ssj.rc">
      <Filter>Resource Files</Filter>
    </ResourceCompile>
  </ItemGroup>
</Project>