<?xml version="1.0" encoding="UTF-8" standalone="yes" ?>
<CodeBlocks_project_file>
	<FileVersion major="1" minor="6" />
	<Project>
		<Option title="Cell" />
		<Option pch_mode="2" />
		<Option compiler="gcc" />
		<Build>
			<Target title="Debug">
				<Option output="debug/cell" prefix_auto="1" extension_auto="1" />
				<Option object_output="obj/debug/" />
				<Option type="1" />
				<Option compiler="gcc" />
				<Compiler>
					<Add option="-g" />
				</Compiler>
			</Target>
			<Target title="Release">
				<Option output="../bin/cell" prefix_auto="1" extension_auto="1" />
				<Option object_output="obj/release/" />
				<Option type="1" />
				<Option compiler="gcc" />
				<Compiler>
					<Add option="-O2" />
				</Compiler>
				<Linker>
					<Add option="-s" />
				</Linker>
			</Target>
		</Build>
		<Compiler>
			<Add option="-Wall" />
			<Add directory="../src/shared" />
		</Compiler>
		<Linker>
			<Add library="z" />
		</Linker>
		<Unit filename="../src/cell/assets.c">
			<Option compilerVar="CC" />
		</Unit>
		<Unit filename="../src/cell/assets.h" />
		<Unit filename="../src/cell/build.c">
			<Option compilerVar="CC" />
		</Unit>
		<Unit filename="../src/cell/build.h" />
		<Unit filename="../src/cell/cell.h" />
		<Unit filename="../src/cell/main.c">
			<Option compilerVar="CC" />
		</Unit>
		<Unit filename="../src/cell/posix.h" />
		<Unit filename="../src/cell/spk_writer.c">
			<Option compilerVar="CC" />
		</Unit>
		<Unit filename="../src/cell/spk_writer.h" />
		<Unit filename="../src/cell/utility.c">
			<Option compilerVar="CC" />
		</Unit>
		<Unit filename="../src/cell/utility.h" />
		<Unit filename="../src/shared/duk_config.h" />
		<Unit filename="../src/shared/duktape.c">
			<Option compilerVar="CC" />
		</Unit>
		<Unit filename="../src/shared/duktape.h" />
		<Unit filename="../src/shared/lstring.c">
			<Option compilerVar="CC" />
		</Unit>
		<Unit filename="../src/shared/lstring.h" />
		<Unit filename="../src/shared/path.c">
			<Option compilerVar="CC" />
		</Unit>
		<Unit filename="../src/shared/path.h" />
		<Unit filename="../src/shared/tinydir.h" />
		<Unit filename="../src/shared/unicode.c">
			<Option compilerVar="CC" />
		</Unit>
		<Unit filename="../src/shared/unicode.h" />
		<Unit filename="../src/shared/vector.c">
			<Option compilerVar="CC" />
		</Unit>
		<Unit filename="../src/shared/vector.h" />
		<Unit filename="../src/shared/version.h" />
		<Extensions>
			<code_completion />
			<debugger />
		</Extensions>
	</Project>
</CodeBlocks_project_file>
